// !$*UTF8*$!
{
	archiveVersion = 1;
	classes = {
	};
	objectVersion = 56;
	objects = {

/* Begin PBXBuildFile section */
		03CC21412A9B532100EADE19 /* MainLocationView.swift in Sources */ = {isa = PBXBuildFile; fileRef = 03CC21402A9B532100EADE19 /* MainLocationView.swift */; };
		03CC21432A9B532300EADE19 /* Assets.xcassets in Resources */ = {isa = PBXBuildFile; fileRef = 03CC21422A9B532300EADE19 /* Assets.xcassets */; };
		03CC21462A9B532300EADE19 /* Preview Assets.xcassets in Resources */ = {isa = PBXBuildFile; fileRef = 03CC21452A9B532300EADE19 /* Preview Assets.xcassets */; };
		03CC21692A9B53A900EADE19 /* AppMain.swift in Sources */ = {isa = PBXBuildFile; fileRef = 03CC21682A9B53A900EADE19 /* AppMain.swift */; };
		03CC216D2A9B722400EADE19 /* LocatonTracker.swift in Sources */ = {isa = PBXBuildFile; fileRef = 03CC216C2A9B722400EADE19 /* LocatonTracker.swift */; };
		03CC21732A9BEB3E00EADE19 /* CoreLocation.framework in Frameworks */ = {isa = PBXBuildFile; fileRef = 03CC21712A9BEB3400EADE19 /* CoreLocation.framework */; };
		03CC21772A9BFB3500EADE19 /* MainLocation.ViewModel.swift in Sources */ = {isa = PBXBuildFile; fileRef = 03CC21762A9BFB3500EADE19 /* MainLocation.ViewModel.swift */; };
		03CC217C2A9C929700EADE19 /* PermissionErrorView.swift in Sources */ = {isa = PBXBuildFile; fileRef = 03CC217B2A9C929700EADE19 /* PermissionErrorView.swift */; };
/* End PBXBuildFile section */

/* Begin PBXContainerItemProxy section */
		03CC214C2A9B532400EADE19 /* PBXContainerItemProxy */ = {
			isa = PBXContainerItemProxy;
			containerPortal = 03CC21332A9B532100EADE19 /* Project object */;
			proxyType = 1;
			remoteGlobalIDString = 03CC213A2A9B532100EADE19;
			remoteInfo = "gps-tracker";
		};
		03CC21562A9B532400EADE19 /* PBXContainerItemProxy */ = {
			isa = PBXContainerItemProxy;
			containerPortal = 03CC21332A9B532100EADE19 /* Project object */;
			proxyType = 1;
			remoteGlobalIDString = 03CC213A2A9B532100EADE19;
			remoteInfo = "gps-tracker";
		};
/* End PBXContainerItemProxy section */

/* Begin PBXFileReference section */
		03CC213B2A9B532100EADE19 /* gps-tracker.app */ = {isa = PBXFileReference; explicitFileType = wrapper.application; includeInIndex = 0; path = "gps-tracker.app"; sourceTree = BUILT_PRODUCTS_DIR; };
		03CC21402A9B532100EADE19 /* MainLocationView.swift */ = {isa = PBXFileReference; lastKnownFileType = sourcecode.swift; path = MainLocationView.swift; sourceTree = "<group>"; };
		03CC21422A9B532300EADE19 /* Assets.xcassets */ = {isa = PBXFileReference; lastKnownFileType = folder.assetcatalog; path = Assets.xcassets; sourceTree = "<group>"; };
		03CC21452A9B532300EADE19 /* Preview Assets.xcassets */ = {isa = PBXFileReference; lastKnownFileType = folder.assetcatalog; path = "Preview Assets.xcassets"; sourceTree = "<group>"; };
		03CC214B2A9B532400EADE19 /* gps-trackerTests.xctest */ = {isa = PBXFileReference; explicitFileType = wrapper.cfbundle; includeInIndex = 0; path = "gps-trackerTests.xctest"; sourceTree = BUILT_PRODUCTS_DIR; };
		03CC21552A9B532400EADE19 /* gps-trackerUITests.xctest */ = {isa = PBXFileReference; explicitFileType = wrapper.cfbundle; includeInIndex = 0; path = "gps-trackerUITests.xctest"; sourceTree = BUILT_PRODUCTS_DIR; };
		03CC21682A9B53A900EADE19 /* AppMain.swift */ = {isa = PBXFileReference; fileEncoding = 4; lastKnownFileType = sourcecode.swift; path = AppMain.swift; sourceTree = "<group>"; };
		03CC216C2A9B722400EADE19 /* LocatonTracker.swift */ = {isa = PBXFileReference; lastKnownFileType = sourcecode.swift; path = LocatonTracker.swift; sourceTree = "<group>"; };
		03CC21712A9BEB3400EADE19 /* CoreLocation.framework */ = {isa = PBXFileReference; lastKnownFileType = wrapper.framework; name = CoreLocation.framework; path = System/Library/Frameworks/CoreLocation.framework; sourceTree = SDKROOT; };
		03CC21762A9BFB3500EADE19 /* MainLocation.ViewModel.swift */ = {isa = PBXFileReference; lastKnownFileType = sourcecode.swift; path = MainLocation.ViewModel.swift; sourceTree = "<group>"; };
		03CC21782A9C880300EADE19 /* Info.plist */ = {isa = PBXFileReference; lastKnownFileType = text.plist; path = Info.plist; sourceTree = "<group>"; };
		03CC217B2A9C929700EADE19 /* PermissionErrorView.swift */ = {isa = PBXFileReference; lastKnownFileType = sourcecode.swift; path = PermissionErrorView.swift; sourceTree = "<group>"; };
/* End PBXFileReference section */

/* Begin PBXFrameworksBuildPhase section */
		03CC21382A9B532100EADE19 /* Frameworks */ = {
			isa = PBXFrameworksBuildPhase;
			buildActionMask = 2147483647;
			files = (
				03CC21732A9BEB3E00EADE19 /* CoreLocation.framework in Frameworks */,
			);
			runOnlyForDeploymentPostprocessing = 0;
		};
		03CC21482A9B532400EADE19 /* Frameworks */ = {
			isa = PBXFrameworksBuildPhase;
			buildActionMask = 2147483647;
			files = (
			);
			runOnlyForDeploymentPostprocessing = 0;
		};
		03CC21522A9B532400EADE19 /* Frameworks */ = {
			isa = PBXFrameworksBuildPhase;
			buildActionMask = 2147483647;
			files = (
			);
			runOnlyForDeploymentPostprocessing = 0;
		};
/* End PBXFrameworksBuildPhase section */

/* Begin PBXGroup section */
		03CC21322A9B532100EADE19 = {
			isa = PBXGroup;
			children = (
				03CC213D2A9B532100EADE19 /* gps-tracker */,
				03CC214E2A9B532400EADE19 /* gps-trackerTests */,
				03CC21582A9B532400EADE19 /* gps-trackerUITests */,
				03CC21702A9BEB0300EADE19 /* Frameworks */,
				03CC213C2A9B532100EADE19 /* Products */,
			);
			sourceTree = "<group>";
		};
		03CC213C2A9B532100EADE19 /* Products */ = {
			isa = PBXGroup;
			children = (
				03CC213B2A9B532100EADE19 /* gps-tracker.app */,
				03CC214B2A9B532400EADE19 /* gps-trackerTests.xctest */,
				03CC21552A9B532400EADE19 /* gps-trackerUITests.xctest */,
			);
			name = Products;
			sourceTree = "<group>";
		};
		03CC213D2A9B532100EADE19 /* gps-tracker */ = {
			isa = PBXGroup;
			children = (
				03CC21782A9C880300EADE19 /* Info.plist */,
				03CC216E2A9BE76400EADE19 /* Feature */,
				03CC216A2A9B720200EADE19 /* Core */,
				03CC21422A9B532300EADE19 /* Assets.xcassets */,
				03CC21442A9B532300EADE19 /* Preview Content */,
			);
			path = "gps-tracker";
			sourceTree = "<group>";
		};
		03CC21442A9B532300EADE19 /* Preview Content */ = {
			isa = PBXGroup;
			children = (
				03CC21452A9B532300EADE19 /* Preview Assets.xcassets */,
			);
			path = "Preview Content";
			sourceTree = "<group>";
		};
		03CC214E2A9B532400EADE19 /* gps-trackerTests */ = {
			isa = PBXGroup;
			children = (
			);
			path = "gps-trackerTests";
			sourceTree = "<group>";
		};
		03CC21582A9B532400EADE19 /* gps-trackerUITests */ = {
			isa = PBXGroup;
			children = (
			);
			path = "gps-trackerUITests";
			sourceTree = "<group>";
		};
		03CC216A2A9B720200EADE19 /* Core */ = {
			isa = PBXGroup;
			children = (
				03CC216B2A9B720E00EADE19 /* LocationTracker */,
			);
			path = Core;
			sourceTree = "<group>";
		};
		03CC216B2A9B720E00EADE19 /* LocationTracker */ = {
			isa = PBXGroup;
			children = (
				03CC216C2A9B722400EADE19 /* LocatonTracker.swift */,
			);
			path = LocationTracker;
			sourceTree = "<group>";
		};
		03CC216E2A9BE76400EADE19 /* Feature */ = {
			isa = PBXGroup;
			children = (
				03CC21792A9C926900EADE19 /* Common */,
				03CC216F2A9BE78000EADE19 /* Main */,
			);
			path = Feature;
			sourceTree = "<group>";
		};
		03CC216F2A9BE78000EADE19 /* Main */ = {
			isa = PBXGroup;
			children = (
				03CC21682A9B53A900EADE19 /* AppMain.swift */,
				03CC21402A9B532100EADE19 /* MainLocationView.swift */,
				03CC21762A9BFB3500EADE19 /* MainLocation.ViewModel.swift */,
			);
			path = Main;
			sourceTree = "<group>";
		};
		03CC21702A9BEB0300EADE19 /* Frameworks */ = {
			isa = PBXGroup;
			children = (
				03CC21712A9BEB3400EADE19 /* CoreLocation.framework */,
			);
			path = Frameworks;
			sourceTree = "<group>";
		};
		03CC21792A9C926900EADE19 /* Common */ = {
			isa = PBXGroup;
			children = (
				03CC217A2A9C927400EADE19 /* CustomViews */,
			);
			path = Common;
			sourceTree = "<group>";
		};
		03CC217A2A9C927400EADE19 /* CustomViews */ = {
			isa = PBXGroup;
			children = (
				03CC217B2A9C929700EADE19 /* PermissionErrorView.swift */,
			);
			path = CustomViews;
			sourceTree = "<group>";
		};
/* End PBXGroup section */

/* Begin PBXNativeTarget section */
		03CC213A2A9B532100EADE19 /* gps-tracker */ = {
			isa = PBXNativeTarget;
			buildConfigurationList = 03CC215F2A9B532400EADE19 /* Build configuration list for PBXNativeTarget "gps-tracker" */;
			buildPhases = (
				03CC21372A9B532100EADE19 /* Sources */,
				03CC21382A9B532100EADE19 /* Frameworks */,
				03CC21392A9B532100EADE19 /* Resources */,
			);
			buildRules = (
			);
			dependencies = (
			);
			name = "gps-tracker";
			productName = "gps-tracker";
			productReference = 03CC213B2A9B532100EADE19 /* gps-tracker.app */;
			productType = "com.apple.product-type.application";
		};
		03CC214A2A9B532400EADE19 /* gps-trackerTests */ = {
			isa = PBXNativeTarget;
			buildConfigurationList = 03CC21622A9B532400EADE19 /* Build configuration list for PBXNativeTarget "gps-trackerTests" */;
			buildPhases = (
				03CC21472A9B532400EADE19 /* Sources */,
				03CC21482A9B532400EADE19 /* Frameworks */,
				03CC21492A9B532400EADE19 /* Resources */,
			);
			buildRules = (
			);
			dependencies = (
				03CC214D2A9B532400EADE19 /* PBXTargetDependency */,
			);
			name = "gps-trackerTests";
			productName = "gps-trackerTests";
			productReference = 03CC214B2A9B532400EADE19 /* gps-trackerTests.xctest */;
			productType = "com.apple.product-type.bundle.unit-test";
		};
		03CC21542A9B532400EADE19 /* gps-trackerUITests */ = {
			isa = PBXNativeTarget;
			buildConfigurationList = 03CC21652A9B532400EADE19 /* Build configuration list for PBXNativeTarget "gps-trackerUITests" */;
			buildPhases = (
				03CC21512A9B532400EADE19 /* Sources */,
				03CC21522A9B532400EADE19 /* Frameworks */,
				03CC21532A9B532400EADE19 /* Resources */,
			);
			buildRules = (
			);
			dependencies = (
				03CC21572A9B532400EADE19 /* PBXTargetDependency */,
			);
			name = "gps-trackerUITests";
			productName = "gps-trackerUITests";
			productReference = 03CC21552A9B532400EADE19 /* gps-trackerUITests.xctest */;
			productType = "com.apple.product-type.bundle.ui-testing";
		};
/* End PBXNativeTarget section */

/* Begin PBXProject section */
		03CC21332A9B532100EADE19 /* Project object */ = {
			isa = PBXProject;
			attributes = {
				BuildIndependentTargetsInParallel = 1;
				LastSwiftUpdateCheck = 1420;
				LastUpgradeCheck = 1420;
				TargetAttributes = {
					03CC213A2A9B532100EADE19 = {
						CreatedOnToolsVersion = 14.2;
					};
					03CC214A2A9B532400EADE19 = {
						CreatedOnToolsVersion = 14.2;
						TestTargetID = 03CC213A2A9B532100EADE19;
					};
					03CC21542A9B532400EADE19 = {
						CreatedOnToolsVersion = 14.2;
						TestTargetID = 03CC213A2A9B532100EADE19;
					};
				};
			};
			buildConfigurationList = 03CC21362A9B532100EADE19 /* Build configuration list for PBXProject "gps-tracker" */;
			compatibilityVersion = "Xcode 14.0";
			developmentRegion = en;
			hasScannedForEncodings = 0;
			knownRegions = (
				en,
				Base,
			);
			mainGroup = 03CC21322A9B532100EADE19;
			productRefGroup = 03CC213C2A9B532100EADE19 /* Products */;
			projectDirPath = "";
			projectRoot = "";
			targets = (
				03CC213A2A9B532100EADE19 /* gps-tracker */,
				03CC214A2A9B532400EADE19 /* gps-trackerTests */,
				03CC21542A9B532400EADE19 /* gps-trackerUITests */,
			);
		};
/* End PBXProject section */

/* Begin PBXResourcesBuildPhase section */
		03CC21392A9B532100EADE19 /* Resources */ = {
			isa = PBXResourcesBuildPhase;
			buildActionMask = 2147483647;
			files = (
				03CC21462A9B532300EADE19 /* Preview Assets.xcassets in Resources */,
				03CC21432A9B532300EADE19 /* Assets.xcassets in Resources */,
			);
			runOnlyForDeploymentPostprocessing = 0;
		};
		03CC21492A9B532400EADE19 /* Resources */ = {
			isa = PBXResourcesBuildPhase;
			buildActionMask = 2147483647;
			files = (
			);
			runOnlyForDeploymentPostprocessing = 0;
		};
		03CC21532A9B532400EADE19 /* Resources */ = {
			isa = PBXResourcesBuildPhase;
			buildActionMask = 2147483647;
			files = (
			);
			runOnlyForDeploymentPostprocessing = 0;
		};
/* End PBXResourcesBuildPhase section */

/* Begin PBXSourcesBuildPhase section */
		03CC21372A9B532100EADE19 /* Sources */ = {
			isa = PBXSourcesBuildPhase;
			buildActionMask = 2147483647;
			files = (
				03CC21412A9B532100EADE19 /* MainLocationView.swift in Sources */,
				03CC216D2A9B722400EADE19 /* LocatonTracker.swift in Sources */,
				03CC21692A9B53A900EADE19 /* AppMain.swift in Sources */,
				03CC21772A9BFB3500EADE19 /* MainLocation.ViewModel.swift in Sources */,
				03CC217C2A9C929700EADE19 /* PermissionErrorView.swift in Sources */,
			);
			runOnlyForDeploymentPostprocessing = 0;
		};
		03CC21472A9B532400EADE19 /* Sources */ = {
			isa = PBXSourcesBuildPhase;
			buildActionMask = 2147483647;
			files = (
			);
			runOnlyForDeploymentPostprocessing = 0;
		};
		03CC21512A9B532400EADE19 /* Sources */ = {
			isa = PBXSourcesBuildPhase;
			buildActionMask = 2147483647;
			files = (
			);
			runOnlyForDeploymentPostprocessing = 0;
		};
/* End PBXSourcesBuildPhase section */

/* Begin PBXTargetDependency section */
		03CC214D2A9B532400EADE19 /* PBXTargetDependency */ = {
			isa = PBXTargetDependency;
			target = 03CC213A2A9B532100EADE19 /* gps-tracker */;
			targetProxy = 03CC214C2A9B532400EADE19 /* PBXContainerItemProxy */;
		};
		03CC21572A9B532400EADE19 /* PBXTargetDependency */ = {
			isa = PBXTargetDependency;
			target = 03CC213A2A9B532100EADE19 /* gps-tracker */;
			targetProxy = 03CC21562A9B532400EADE19 /* PBXContainerItemProxy */;
		};
/* End PBXTargetDependency section */

/* Begin XCBuildConfiguration section */
		03CC215D2A9B532400EADE19 /* Debug */ = {
			isa = XCBuildConfiguration;
			buildSettings = {
				ALWAYS_SEARCH_USER_PATHS = NO;
				CLANG_ANALYZER_NONNULL = YES;
				CLANG_ANALYZER_NUMBER_OBJECT_CONVERSION = YES_AGGRESSIVE;
				CLANG_CXX_LANGUAGE_STANDARD = "gnu++20";
				CLANG_ENABLE_MODULES = YES;
				CLANG_ENABLE_OBJC_ARC = YES;
				CLANG_ENABLE_OBJC_WEAK = YES;
				CLANG_WARN_BLOCK_CAPTURE_AUTORELEASING = YES;
				CLANG_WARN_BOOL_CONVERSION = YES;
				CLANG_WARN_COMMA = YES;
				CLANG_WARN_CONSTANT_CONVERSION = YES;
				CLANG_WARN_DEPRECATED_OBJC_IMPLEMENTATIONS = YES;
				CLANG_WARN_DIRECT_OBJC_ISA_USAGE = YES_ERROR;
				CLANG_WARN_DOCUMENTATION_COMMENTS = YES;
				CLANG_WARN_EMPTY_BODY = YES;
				CLANG_WARN_ENUM_CONVERSION = YES;
				CLANG_WARN_INFINITE_RECURSION = YES;
				CLANG_WARN_INT_CONVERSION = YES;
				CLANG_WARN_NON_LITERAL_NULL_CONVERSION = YES;
				CLANG_WARN_OBJC_IMPLICIT_RETAIN_SELF = YES;
				CLANG_WARN_OBJC_LITERAL_CONVERSION = YES;
				CLANG_WARN_OBJC_ROOT_CLASS = YES_ERROR;
				CLANG_WARN_QUOTED_INCLUDE_IN_FRAMEWORK_HEADER = YES;
				CLANG_WARN_RANGE_LOOP_ANALYSIS = YES;
				CLANG_WARN_STRICT_PROTOTYPES = YES;
				CLANG_WARN_SUSPICIOUS_MOVE = YES;
				CLANG_WARN_UNGUARDED_AVAILABILITY = YES_AGGRESSIVE;
				CLANG_WARN_UNREACHABLE_CODE = YES;
				CLANG_WARN__DUPLICATE_METHOD_MATCH = YES;
				COPY_PHASE_STRIP = NO;
				DEBUG_INFORMATION_FORMAT = dwarf;
				ENABLE_STRICT_OBJC_MSGSEND = YES;
				ENABLE_TESTABILITY = YES;
				GCC_C_LANGUAGE_STANDARD = gnu11;
				GCC_DYNAMIC_NO_PIC = NO;
				GCC_NO_COMMON_BLOCKS = YES;
				GCC_OPTIMIZATION_LEVEL = 0;
				GCC_PREPROCESSOR_DEFINITIONS = (
					"DEBUG=1",
					"$(inherited)",
				);
				GCC_WARN_64_TO_32_BIT_CONVERSION = YES;
				GCC_WARN_ABOUT_RETURN_TYPE = YES_ERROR;
				GCC_WARN_UNDECLARED_SELECTOR = YES;
				GCC_WARN_UNINITIALIZED_AUTOS = YES_AGGRESSIVE;
				GCC_WARN_UNUSED_FUNCTION = YES;
				GCC_WARN_UNUSED_VARIABLE = YES;
				IPHONEOS_DEPLOYMENT_TARGET = 16.2;
				MTL_ENABLE_DEBUG_INFO = INCLUDE_SOURCE;
				MTL_FAST_MATH = YES;
				ONLY_ACTIVE_ARCH = YES;
				SDKROOT = iphoneos;
				SWIFT_ACTIVE_COMPILATION_CONDITIONS = DEBUG;
				SWIFT_OPTIMIZATION_LEVEL = "-Onone";
			};
			name = Debug;
		};
		03CC215E2A9B532400EADE19 /* Release */ = {
			isa = XCBuildConfiguration;
			buildSettings = {
				ALWAYS_SEARCH_USER_PATHS = NO;
				CLANG_ANALYZER_NONNULL = YES;
				CLANG_ANALYZER_NUMBER_OBJECT_CONVERSION = YES_AGGRESSIVE;
				CLANG_CXX_LANGUAGE_STANDARD = "gnu++20";
				CLANG_ENABLE_MODULES = YES;
				CLANG_ENABLE_OBJC_ARC = YES;
				CLANG_ENABLE_OBJC_WEAK = YES;
				CLANG_WARN_BLOCK_CAPTURE_AUTORELEASING = YES;
				CLANG_WARN_BOOL_CONVERSION = YES;
				CLANG_WARN_COMMA = YES;
				CLANG_WARN_CONSTANT_CONVERSION = YES;
				CLANG_WARN_DEPRECATED_OBJC_IMPLEMENTATIONS = YES;
				CLANG_WARN_DIRECT_OBJC_ISA_USAGE = YES_ERROR;
				CLANG_WARN_DOCUMENTATION_COMMENTS = YES;
				CLANG_WARN_EMPTY_BODY = YES;
				CLANG_WARN_ENUM_CONVERSION = YES;
				CLANG_WARN_INFINITE_RECURSION = YES;
				CLANG_WARN_INT_CONVERSION = YES;
				CLANG_WARN_NON_LITERAL_NULL_CONVERSION = YES;
				CLANG_WARN_OBJC_IMPLICIT_RETAIN_SELF = YES;
				CLANG_WARN_OBJC_LITERAL_CONVERSION = YES;
				CLANG_WARN_OBJC_ROOT_CLASS = YES_ERROR;
				CLANG_WARN_QUOTED_INCLUDE_IN_FRAMEWORK_HEADER = YES;
				CLANG_WARN_RANGE_LOOP_ANALYSIS = YES;
				CLANG_WARN_STRICT_PROTOTYPES = YES;
				CLANG_WARN_SUSPICIOUS_MOVE = YES;
				CLANG_WARN_UNGUARDED_AVAILABILITY = YES_AGGRESSIVE;
				CLANG_WARN_UNREACHABLE_CODE = YES;
				CLANG_WARN__DUPLICATE_METHOD_MATCH = YES;
				COPY_PHASE_STRIP = NO;
				DEBUG_INFORMATION_FORMAT = "dwarf-with-dsym";
				ENABLE_NS_ASSERTIONS = NO;
				ENABLE_STRICT_OBJC_MSGSEND = YES;
				GCC_C_LANGUAGE_STANDARD = gnu11;
				GCC_NO_COMMON_BLOCKS = YES;
				GCC_WARN_64_TO_32_BIT_CONVERSION = YES;
				GCC_WARN_ABOUT_RETURN_TYPE = YES_ERROR;
				GCC_WARN_UNDECLARED_SELECTOR = YES;
				GCC_WARN_UNINITIALIZED_AUTOS = YES_AGGRESSIVE;
				GCC_WARN_UNUSED_FUNCTION = YES;
				GCC_WARN_UNUSED_VARIABLE = YES;
				IPHONEOS_DEPLOYMENT_TARGET = 16.2;
				MTL_ENABLE_DEBUG_INFO = NO;
				MTL_FAST_MATH = YES;
				SDKROOT = iphoneos;
				SWIFT_COMPILATION_MODE = wholemodule;
				SWIFT_OPTIMIZATION_LEVEL = "-O";
				VALIDATE_PRODUCT = YES;
			};
			name = Release;
		};
		03CC21602A9B532400EADE19 /* Debug */ = {
			isa = XCBuildConfiguration;
			buildSettings = {
				ASSETCATALOG_COMPILER_APPICON_NAME = AppIcon;
				ASSETCATALOG_COMPILER_GLOBAL_ACCENT_COLOR_NAME = AccentColor;
				CODE_SIGN_STYLE = Automatic;
				CURRENT_PROJECT_VERSION = 1;
				DEVELOPMENT_ASSET_PATHS = "\"gps-tracker/Preview Content\"";
				DEVELOPMENT_TEAM = 74BP943WB5;
				ENABLE_PREVIEWS = YES;
				GENERATE_INFOPLIST_FILE = YES;
				INFOPLIST_FILE = "gps-tracker/Info.plist";
				INFOPLIST_KEY_NSLocationAlwaysAndWhenInUseUsageDescription = "This is critical for GPS Tracker App to show data accurately.";
				INFOPLIST_KEY_NSLocationWhenInUseUsageDescription = "Need location permission for GPS tracker working.Need location permission for GPS tracker working.";
				INFOPLIST_KEY_UIApplicationSceneManifest_Generation = YES;
				INFOPLIST_KEY_UIApplicationSupportsIndirectInputEvents = YES;
				INFOPLIST_KEY_UILaunchScreen_Generation = YES;
				INFOPLIST_KEY_UISupportedInterfaceOrientations_iPad = "UIInterfaceOrientationPortrait UIInterfaceOrientationPortraitUpsideDown UIInterfaceOrientationLandscapeLeft UIInterfaceOrientationLandscapeRight";
				INFOPLIST_KEY_UISupportedInterfaceOrientations_iPhone = "UIInterfaceOrientationPortrait UIInterfaceOrientationLandscapeLeft UIInterfaceOrientationLandscapeRight";
				LD_RUNPATH_SEARCH_PATHS = (
					"$(inherited)",
					"@executable_path/Frameworks",
				);
				MARKETING_VERSION = 1.0;
				PRODUCT_BUNDLE_IDENTIFIER = "com.abc.gpsTracker.gps-tracker";
				PRODUCT_NAME = "$(TARGET_NAME)";
				SWIFT_EMIT_LOC_STRINGS = YES;
				SWIFT_VERSION = 5.0;
				TARGETED_DEVICE_FAMILY = "1,2";
			};
			name = Debug;
		};
		03CC21612A9B532400EADE19 /* Release */ = {
			isa = XCBuildConfiguration;
			buildSettings = {
				ASSETCATALOG_COMPILER_APPICON_NAME = AppIcon;
				ASSETCATALOG_COMPILER_GLOBAL_ACCENT_COLOR_NAME = AccentColor;
				CODE_SIGN_STYLE = Automatic;
				CURRENT_PROJECT_VERSION = 1;
				DEVELOPMENT_ASSET_PATHS = "\"gps-tracker/Preview Content\"";
				DEVELOPMENT_TEAM = 74BP943WB5;
				ENABLE_PREVIEWS = YES;
				GENERATE_INFOPLIST_FILE = YES;
				INFOPLIST_FILE = "gps-tracker/Info.plist";
				INFOPLIST_KEY_NSLocationAlwaysAndWhenInUseUsageDescription = "This is critical for GPS Tracker App to show data accurately.";
				INFOPLIST_KEY_NSLocationWhenInUseUsageDescription = "Need location permission for GPS tracker working.Need location permission for GPS tracker working.";
				INFOPLIST_KEY_UIApplicationSceneManifest_Generation = YES;
				INFOPLIST_KEY_UIApplicationSupportsIndirectInputEvents = YES;
				INFOPLIST_KEY_UILaunchScreen_Generation = YES;
				INFOPLIST_KEY_UISupportedInterfaceOrientations_iPad = "UIInterfaceOrientationPortrait UIInterfaceOrientationPortraitUpsideDown UIInterfaceOrientationLandscapeLeft UIInterfaceOrientationLandscapeRight";
				INFOPLIST_KEY_UISupportedInterfaceOrientations_iPhone = "UIInterfaceOrientationPortrait UIInterfaceOrientationLandscapeLeft UIInterfaceOrientationLandscapeRight";
				LD_RUNPATH_SEARCH_PATHS = (
					"$(inherited)",
					"@executable_path/Frameworks",
				);
				MARKETING_VERSION = 1.0;
				PRODUCT_BUNDLE_IDENTIFIER = "com.abc.gpsTracker.gps-tracker";
				PRODUCT_NAME = "$(TARGET_NAME)";
				SWIFT_EMIT_LOC_STRINGS = YES;
				SWIFT_VERSION = 5.0;
				TARGETED_DEVICE_FAMILY = "1,2";
			};
			name = Release;
		};
		03CC21632A9B532400EADE19 /* Debug */ = {
			isa = XCBuildConfiguration;
			buildSettings = {
				ALWAYS_EMBED_SWIFT_STANDARD_LIBRARIES = YES;
				BUNDLE_LOADER = "$(TEST_HOST)";
				CODE_SIGN_STYLE = Automatic;
				CURRENT_PROJECT_VERSION = 1;
				DEVELOPMENT_TEAM = 74BP943WB5;
				GENERATE_INFOPLIST_FILE = YES;
				IPHONEOS_DEPLOYMENT_TARGET = 16.2;
				MARKETING_VERSION = 1.0;
				PRODUCT_BUNDLE_IDENTIFIER = "com.abc.gpsTracker.gps-trackerTests";
				PRODUCT_NAME = "$(TARGET_NAME)";
				SWIFT_EMIT_LOC_STRINGS = NO;
				SWIFT_VERSION = 5.0;
				TARGETED_DEVICE_FAMILY = "1,2";
				TEST_HOST = "$(BUILT_PRODUCTS_DIR)/gps-tracker.app/$(BUNDLE_EXECUTABLE_FOLDER_PATH)/gps-tracker";
			};
			name = Debug;
		};
		03CC21642A9B532400EADE19 /* Release */ = {
			isa = XCBuildConfiguration;
			buildSettings = {
				ALWAYS_EMBED_SWIFT_STANDARD_LIBRARIES = YES;
				BUNDLE_LOADER = "$(TEST_HOST)";
				CODE_SIGN_STYLE = Automatic;
				CURRENT_PROJECT_VERSION = 1;
				DEVELOPMENT_TEAM = 74BP943WB5;
				GENERATE_INFOPLIST_FILE = YES;
				IPHONEOS_DEPLOYMENT_TARGET = 16.2;
				MARKETING_VERSION = 1.0;
				PRODUCT_BUNDLE_IDENTIFIER = "com.abc.gpsTracker.gps-trackerTests";
				PRODUCT_NAME = "$(TARGET_NAME)";
				SWIFT_EMIT_LOC_STRINGS = NO;
				SWIFT_VERSION = 5.0;
				TARGETED_DEVICE_FAMILY = "1,2";
				TEST_HOST = "$(BUILT_PRODUCTS_DIR)/gps-tracker.app/$(BUNDLE_EXECUTABLE_FOLDER_PATH)/gps-tracker";
			};
			name = Release;
		};
		03CC21662A9B532400EADE19 /* Debug */ = {
			isa = XCBuildConfiguration;
			buildSettings = {
				ALWAYS_EMBED_SWIFT_STANDARD_LIBRARIES = YES;
				CODE_SIGN_STYLE = Automatic;
				CURRENT_PROJECT_VERSION = 1;
				DEVELOPMENT_TEAM = 74BP943WB5;
				GENERATE_INFOPLIST_FILE = YES;
				MARKETING_VERSION = 1.0;
				PRODUCT_BUNDLE_IDENTIFIER = "com.abc.gpsTracker.gps-trackerUITests";
				PRODUCT_NAME = "$(TARGET_NAME)";
				SWIFT_EMIT_LOC_STRINGS = NO;
				SWIFT_VERSION = 5.0;
				TARGETED_DEVICE_FAMILY = "1,2";
				TEST_TARGET_NAME = "gps-tracker";
			};
			name = Debug;
		};
		03CC21672A9B532400EADE19 /* Release */ = {
			isa = XCBuildConfiguration;
			buildSettings = {
				ALWAYS_EMBED_SWIFT_STANDARD_LIBRARIES = YES;
				CODE_SIGN_STYLE = Automatic;
				CURRENT_PROJECT_VERSION = 1;
				DEVELOPMENT_TEAM = 74BP943WB5;
				GENERATE_INFOPLIST_FILE = YES;
				MARKETING_VERSION = 1.0;
				PRODUCT_BUNDLE_IDENTIFIER = "com.abc.gpsTracker.gps-trackerUITests";
				PRODUCT_NAME = "$(TARGET_NAME)";
				SWIFT_EMIT_LOC_STRINGS = NO;
				SWIFT_VERSION = 5.0;
				TARGETED_DEVICE_FAMILY = "1,2";
				TEST_TARGET_NAME = "gps-tracker";
			};
			name = Release;
		};
/* End XCBuildConfiguration section */

/* Begin XCConfigurationList section */
		03CC21362A9B532100EADE19 /* Build configuration list for PBXProject "gps-tracker" */ = {
			isa = XCConfigurationList;
			buildConfigurations = (
				03CC215D2A9B532400EADE19 /* Debug */,
				03CC215E2A9B532400EADE19 /* Release */,
			);
			defaultConfigurationIsVisible = 0;
			defaultConfigurationName = Release;
		};
		03CC215F2A9B532400EADE19 /* Build configuration list for PBXNativeTarget "gps-tracker" */ = {
			isa = XCConfigurationList;
			buildConfigurations = (
				03CC21602A9B532400EADE19 /* Debug */,
				03CC21612A9B532400EADE19 /* Release */,
			);
			defaultConfigurationIsVisible = 0;
			defaultConfigurationName = Release;
		};
		03CC21622A9B532400EADE19 /* Build configuration list for PBXNativeTarget "gps-trackerTests" */ = {
			isa = XCConfigurationList;
			buildConfigurations = (
				03CC21632A9B532400EADE19 /* Debug */,
				03CC21642A9B532400EADE19 /* Release */,
			);
			defaultConfigurationIsVisible = 0;
			defaultConfigurationName = Release;
		};
		03CC21652A9B532400EADE19 /* Build configuration list for PBXNativeTarget "gps-trackerUITests" */ = {
			isa = XCConfigurationList;
			buildConfigurations = (
				03CC21662A9B532400EADE19 /* Debug */,
				03CC21672A9B532400EADE19 /* Release */,
			);
			defaultConfigurationIsVisible = 0;
			defaultConfigurationName = Release;
		};
/* End XCConfigurationList section */
	};
	rootObject = 03CC21332A9B532100EADE19 /* Project object */;
}
